
Microsoft Visual Studio Solution File, Format Version 12.00
# Visual Studio 14
VisualStudioVersion = 14.0.24720.0
MinimumVisualStudioVersion = 10.0.40219.1
Project("{FAE04EC0-301F-11D3-BF4B-00C04F79EFBC}") = "TravelingSalesman", "TravelingSalesman.csproj", "{DA3945C5-4AAD-490B-BC2C-9E6F28E466AE}"
EndProject
Global
	GlobalSection(SolutionConfigurationPlatforms) = preSolution
		Debug|x86 = Debug|x86
		Release|x86 = Release|x86
	EndGlobalSection
	GlobalSection(ProjectConfigurationPlatforms) = postSolution
		{DA3945C5-4AAD-490B-BC2C-9E6F28E466AE}.Debug|x86.ActiveCfg = Debug|x86
		{DA3945C5-4AAD-490B-BC2C-9E6F28E466AE}.Debug|x86.Build.0 = Debug|x86
		{DA3945C5-4AAD-490B-BC2C-9E6F28E466AE}.Release|x86.ActiveCfg = Release|x86
		{DA3945C5-4AAD-490B-BC2C-9E6F28E466AE}.Release|x86.Build.0 = Release|x86
	EndGlobalSection
	GlobalSection(SolutionProperties) = preSolution
		HideSolutionNode = FALSE
	EndGlobalSection
EndGlobal
